{
  "name": "taro-vform",
  "version": "1.0.0",
  "lockfileVersion": 1,
  "requires": true,
  "dependencies": {
    "@babel/runtime": {
      "version": "7.21.0",
      "resolved": "https://registry.npmmirror.com/@babel/runtime/-/runtime-7.21.0.tgz",
      "integrity": "sha512-xwII0//EObnq89Ji5AKYQaRYiW/nZ3llSv29d49IuxPhKbtJoLP+9QUUZ4nVragQVtaVGeZrpB+ZtG/Pdy/POw==",
      "dev": true,
      "requires": {
        "regenerator-runtime": "^0.13.11"
      }
    },
    "@stencil/core": {
      "version": "2.22.3",
      "resolved": "https://registry.npmmirror.com/@stencil/core/-/core-2.22.3.tgz",
      "integrity": "sha512-kmVA0M/HojwsfkeHsifvHVIYe4l5tin7J5+DLgtl8h6WWfiMClND5K3ifCXXI2ETDNKiEk21p6jql3Fx9o2rng==",
      "dev": true
    },
    "@tarojs/api": {
      "version": "3.6.4",
      "resolved": "https://registry.npmmirror.com/@tarojs/api/-/api-3.6.4.tgz",
      "integrity": "sha512-PBgNrqip86UxaeVoUJNdbbXP8hd3Udd1/FyKV/A9GBbOH10QuAyhaKNJcMDDCAZPwqJOF9e2ar6BR4/mjcW5zw==",
      "dev": true,
      "requires": {
        "@babel/runtime": "^7.14.5",
        "@tarojs/runtime": "3.6.4",
        "@tarojs/shared": "3.6.4"
      }
    },
    "@tarojs/components": {
      "version": "3.6.4",
      "resolved": "https://registry.npmmirror.com/@tarojs/components/-/components-3.6.4.tgz",
      "integrity": "sha512-Rl6cPDU+9Pf+e50ZtXgQJGzVWochiJqFb6t+PYA73x9+9FTWioWsgN53d9WG6DzCO9BHvg1tqzZymNX6XZj7+A==",
      "dev": true,
      "requires": {
        "@stencil/core": "^2.22.2",
        "@tarojs/components-advanced": "3.6.4",
        "@tarojs/router": "3.6.4",
        "@tarojs/taro": "3.6.4",
        "classnames": "^2.2.5",
        "hls.js": "^1.1.5",
        "intersection-observer": "^0.7.0",
        "resolve-pathname": "^3.0.0",
        "swiper": "6.8.0",
        "weui": "^1.1.2"
      }
    },
    "@tarojs/components-advanced": {
      "version": "3.6.4",
      "resolved": "https://registry.npmmirror.com/@tarojs/components-advanced/-/components-advanced-3.6.4.tgz",
      "integrity": "sha512-BkXrRctas4K7ql9K+3hzjCPY47IfvlQB2ych7QOEpZWNJmMQ2U7Gz7oAfIH4wwKVSWFKhf1TQGSE52zU/GVODg==",
      "dev": true,
      "requires": {
        "@tarojs/components": "3.6.4",
        "@tarojs/shared": "3.6.4",
        "memoize-one": "^6.0.0",
        "postcss": "^8.4.18"
      }
    },
    "@tarojs/router": {
      "version": "3.6.4",
      "resolved": "https://registry.npmmirror.com/@tarojs/router/-/router-3.6.4.tgz",
      "integrity": "sha512-RA+YFDWXsLJjTEdreFNZyFtSQ0mRfV7F7kt1ylBZGx89FIkz9azxN49xlTWWTsS41rRR7sDVT17c2hJvx3+T5A==",
      "dev": true,
      "requires": {
        "@tarojs/runtime": "3.6.4",
        "@tarojs/taro": "3.6.4",
        "dingtalk-jsapi": "~2.15.2",
        "history": "^5.1.0",
        "mobile-detect": "^1.4.2",
        "query-string": "^7.1.1",
        "universal-router": "^8.3.0"
      }
    },
    "@tarojs/runtime": {
      "version": "3.6.4",
      "resolved": "https://registry.npmmirror.com/@tarojs/runtime/-/runtime-3.6.4.tgz",
      "integrity": "sha512-8gXaS8ZK8HheegdsCVTz8ANoPs0EneRY8eYqfesHril95cm9WNu6nQYqCybJC1+YPpOA2jwUGg4gX6vZZT4PoA==",
      "dev": true,
      "requires": {
        "@tarojs/shared": "3.6.4",
        "lodash-es": "4.17.21"
      }
    },
    "@tarojs/shared": {
      "version": "3.6.4",
      "resolved": "https://registry.npmmirror.com/@tarojs/shared/-/shared-3.6.4.tgz",
      "integrity": "sha512-AgKNyYH+6e+bkaDAHwUsE9BiBc//VwmEZyzBCDEL6zmDtWm6pVMtvlF3UT7Mdb2Fm7oKBP/JKK4b1sb5O5kriw==",
      "dev": true
    },
    "@tarojs/taro": {
      "version": "3.6.4",
      "resolved": "https://registry.npmmirror.com/@tarojs/taro/-/taro-3.6.4.tgz",
      "integrity": "sha512-eAawj9N/M+ZLeJtID2CV0ZnU6UCprWHi7TeGcAWpjU1nLwbfiAFHAssfyC4B9CrCvY1OLoPtHT7o3NpCzR1M0A==",
      "dev": true,
      "requires": {
        "@tarojs/api": "3.6.4",
        "@tarojs/runtime": "3.6.4"
      }
    },
    "async-validator": {
      "version": "3.5.2",
      "resolved": "https://registry.npmmirror.com/async-validator/-/async-validator-3.5.2.tgz",
      "integrity": "sha512-8eLCg00W9pIRZSB781UUX/H6Oskmm8xloZfr09lz5bikRpBVDlJ3hRVuxxP1SxcwsEYfJ4IU8Q19Y8/893r3rQ=="
    },
    "classnames": {
      "version": "2.3.2",
      "resolved": "https://registry.npmmirror.com/classnames/-/classnames-2.3.2.tgz",
      "integrity": "sha512-CSbhY4cFEJRe6/GQzIk5qXZ4Jeg5pcsP7b5peFSDpffpe1cqjASH/n9UTjBwOp6XpMSTwQ8Za2K5V02ueA7Tmw==",
      "dev": true
    },
    "decode-uri-component": {
      "version": "0.2.2",
      "resolved": "https://registry.npmmirror.com/decode-uri-component/-/decode-uri-component-0.2.2.tgz",
      "integrity": "sha512-FqUYQ+8o158GyGTrMFJms9qh3CqTKvAqgqsTnkLI8sKu0028orqBhxNMFkFen0zGyg6epACD32pjVk58ngIErQ==",
      "dev": true
    },
    "dingtalk-jsapi": {
      "version": "2.15.4",
      "resolved": "https://registry.npmmirror.com/dingtalk-jsapi/-/dingtalk-jsapi-2.15.4.tgz",
      "integrity": "sha512-pPETqUhLJYKNZIewnS9hU1/QqcdRbP2Q9sHySimko0C2nm/n9NoakVLtcKwdqgORq1dkPIP/jqv7RnESxhA2bA==",
      "dev": true,
      "requires": {
        "promise-polyfill": "^7.1.0"
      }
    },
    "dom7": {
      "version": "3.0.0",
      "resolved": "https://registry.npmmirror.com/dom7/-/dom7-3.0.0.tgz",
      "integrity": "sha512-oNlcUdHsC4zb7Msx7JN3K0Nro1dzJ48knvBOnDPKJ2GV9wl1i5vydJZUSyOfrkKFDZEud/jBsTk92S/VGSAe/g==",
      "dev": true,
      "requires": {
        "ssr-window": "^3.0.0-alpha.1"
      }
    },
    "filter-obj": {
      "version": "1.1.0",
      "resolved": "https://registry.npmmirror.com/filter-obj/-/filter-obj-1.1.0.tgz",
      "integrity": "sha512-8rXg1ZnX7xzy2NGDVkBVaAy+lSlPNwad13BtgSlLuxfIslyt5Vg64U7tFcCt4WS1R0hvtnQybT/IyCkGZ3DpXQ==",
      "dev": true
    },
    "history": {
      "version": "5.3.0",
      "resolved": "https://registry.npmmirror.com/history/-/history-5.3.0.tgz",
      "integrity": "sha512-ZqaKwjjrAYUYfLG+htGaIIZ4nioX2L70ZUMIFysS3xvBsSG4x/n1V6TXV3N8ZYNuFGlDirFg32T7B6WOUPDYcQ==",
      "dev": true,
      "requires": {
        "@babel/runtime": "^7.7.6"
      }
    },
    "hls.js": {
      "version": "1.4.0",
      "resolved": "https://registry.npmmirror.com/hls.js/-/hls.js-1.4.0.tgz",
      "integrity": "sha512-VEjg7Rx5FlE9TB3MIn0HPgq3J+vR7EoQnjaqMCk/ISEaCOSZlAFh4g867f1QkSxZiq9kHeUZo+iH16X7VS3jKA==",
      "dev": true
    },
    "intersection-observer": {
      "version": "0.7.0",
      "resolved": "https://registry.npmmirror.com/intersection-observer/-/intersection-observer-0.7.0.tgz",
      "integrity": "sha512-Id0Fij0HsB/vKWGeBe9PxeY45ttRiBmhFyyt/geBdDHBYNctMRTE3dC1U3ujzz3lap+hVXlEcVaB56kZP/eEUg==",
      "dev": true
    },
    "js-tokens": {
      "version": "4.0.0",
      "resolved": "https://registry.npmmirror.com/js-tokens/-/js-tokens-4.0.0.tgz",
      "integrity": "sha512-RdJUflcE3cUzKiMqQgsCu06FPu9UdIJO0beYbPhHN4k6apgJtifcoCtT9bcxOpYBtpD2kCM6Sbzg4CausW/PKQ=="
    },
    "lodash-es": {
      "version": "4.17.21",
      "resolved": "https://registry.npmmirror.com/lodash-es/-/lodash-es-4.17.21.tgz",
      "integrity": "sha512-mKnC+QJ9pWVzv+C4/U3rRsHapFfHvQFoFB92e52xeyGMcX6/OlIl78je1u8vePzYZSkkogMPJ2yjxxsb89cxyw==",
      "dev": true
    },
    "lodash.flatten": {
      "version": "4.4.0",
      "resolved": "https://registry.npmmirror.com/lodash.flatten/-/lodash.flatten-4.4.0.tgz",
      "integrity": "sha512-C5N2Z3DgnnKr0LOpv/hKCgKdb7ZZwafIrsesve6lmzvZIRZRGaZ/l6Q8+2W7NaT+ZwO3fFlSCzCzrDCFdJfZ4g=="
    },
    "loose-envify": {
      "version": "1.4.0",
      "resolved": "https://registry.npmmirror.com/loose-envify/-/loose-envify-1.4.0.tgz",
      "integrity": "sha512-lyuxPGr/Wfhrlem2CL/UcnUc1zcqKAImBDzukY7Y5F/yQiNdko6+fRLevlw1HgMySw7f611UIY408EtxRSoK3Q==",
      "requires": {
        "js-tokens": "^3.0.0 || ^4.0.0"
      }
    },
    "memoize-one": {
      "version": "6.0.0",
      "resolved": "https://registry.npmmirror.com/memoize-one/-/memoize-one-6.0.0.tgz",
      "integrity": "sha512-rkpe71W0N0c0Xz6QD0eJETuWAJGnJ9afsl1srmwPrI+yBCkge5EycXXbYRyvL29zZVUWQCY7InPRCv3GDXuZNw==",
      "dev": true
    },
    "mobile-detect": {
      "version": "1.4.5",
      "resolved": "https://registry.npmmirror.com/mobile-detect/-/mobile-detect-1.4.5.tgz",
      "integrity": "sha512-yc0LhH6tItlvfLBugVUEtgawwFU2sIe+cSdmRJJCTMZ5GEJyLxNyC/NIOAOGk67Fa8GNpOttO3Xz/1bHpXFD/g==",
      "dev": true
    },
    "nanoid": {
      "version": "3.3.6",
      "resolved": "https://registry.npmmirror.com/nanoid/-/nanoid-3.3.6.tgz",
      "integrity": "sha512-BGcqMMJuToF7i1rt+2PWSNVnWIkGCU78jBG3RxO/bZlnZPK2Cmi2QaffxGO/2RvWi9sL+FAiRiXMgsyxQ1DIDA==",
      "dev": true
    },
    "object-assign": {
      "version": "4.1.1",
      "resolved": "https://registry.npmmirror.com/object-assign/-/object-assign-4.1.1.tgz",
      "integrity": "sha512-rJgTQnkUnH1sFw8yT6VSU3zD3sWmu6sZhIseY8VX+GRu3P6F7Fu+JNDoXfklElbLJSnc3FUQHVe4cU5hj+BcUg=="
    },
    "path-to-regexp": {
      "version": "3.2.0",
      "resolved": "https://registry.npmmirror.com/path-to-regexp/-/path-to-regexp-3.2.0.tgz",
      "integrity": "sha512-jczvQbCUS7XmS7o+y1aEO9OBVFeZBQ1MDSEqmO7xSoPgOPoowY/SxLpZ6Vh97/8qHZOteiCKb7gkG9gA2ZUxJA==",
      "dev": true
    },
    "picocolors": {
      "version": "1.0.0",
      "resolved": "https://registry.npmmirror.com/picocolors/-/picocolors-1.0.0.tgz",
      "integrity": "sha512-1fygroTLlHu66zi26VoTDv8yRgm0Fccecssto+MhsZ0D/DGW2sm8E8AjW7NU5VVTRt5GxbeZ5qBuJr+HyLYkjQ==",
      "dev": true
    },
    "postcss": {
      "version": "8.4.23",
      "resolved": "https://registry.npmmirror.com/postcss/-/postcss-8.4.23.tgz",
      "integrity": "sha512-bQ3qMcpF6A/YjR55xtoTr0jGOlnPOKAIMdOWiv0EIT6HVPEaJiJB4NLljSbiHoC2RX7DN5Uvjtpbg1NPdwv1oA==",
      "dev": true,
      "requires": {
        "nanoid": "^3.3.6",
        "picocolors": "^1.0.0",
        "source-map-js": "^1.0.2"
      }
    },
    "promise-polyfill": {
      "version": "7.1.2",
      "resolved": "https://registry.npmmirror.com/promise-polyfill/-/promise-polyfill-7.1.2.tgz",
      "integrity": "sha512-FuEc12/eKqqoRYIGBrUptCBRhobL19PS2U31vMNTfyck1FxPyMfgsXyW4Mav85y/ZN1hop3hOwRlUDok23oYfQ==",
      "dev": true
    },
    "prop-types": {
      "version": "15.8.1",
      "resolved": "https://registry.npmmirror.com/prop-types/-/prop-types-15.8.1.tgz",
      "integrity": "sha512-oj87CgZICdulUohogVAR7AjlC0327U4el4L6eAvOqCeudMDVU0NThNaV+b9Df4dXgSP1gXMTnPdhfe/2qDH5cg==",
      "requires": {
        "loose-envify": "^1.4.0",
        "object-assign": "^4.1.1",
        "react-is": "^16.13.1"
      }
    },
    "query-string": {
      "version": "7.1.3",
      "resolved": "https://registry.npmmirror.com/query-string/-/query-string-7.1.3.tgz",
      "integrity": "sha512-hh2WYhq4fi8+b+/2Kg9CEge4fDPvHS534aOOvOZeQ3+Vf2mCFsaFBYj0i+iXcAq6I9Vzp5fjMFBlONvayDC1qg==",
      "dev": true,
      "requires": {
        "decode-uri-component": "^0.2.2",
        "filter-obj": "^1.1.0",
        "split-on-first": "^1.0.0",
        "strict-uri-encode": "^2.0.0"
      }
    },
    "react": {
      "version": "18.2.0",
      "resolved": "https://registry.npmmirror.com/react/-/react-18.2.0.tgz",
      "integrity": "sha512-/3IjMdb2L9QbBdWiW5e3P2/npwMBaU9mHCSCUzNln0ZCYbcfTsGbTJrU/kGemdH2IWmB2ioZ+zkxtmq6g09fGQ==",
      "dev": true,
      "requires": {
        "loose-envify": "^1.1.0"
      }
    },
    "react-is": {
      "version": "16.13.1",
      "resolved": "https://registry.npmmirror.com/react-is/-/react-is-16.13.1.tgz",
      "integrity": "sha512-24e6ynE2H+OKt4kqsOvNd8kBpV65zoxbA4BVsEOB3ARVWQki/DHzaUoC5KuON/BiccDaCCTZBuOcfZs70kR8bQ=="
    },
    "regenerator-runtime": {
      "version": "0.13.11",
      "resolved": "https://registry.npmmirror.com/regenerator-runtime/-/regenerator-runtime-0.13.11.tgz",
      "integrity": "sha512-kY1AZVr2Ra+t+piVaJ4gxaFaReZVH40AKNo7UCX6W+dEwBo/2oZJzqfuN1qLq1oL45o56cPaTXELwrTh8Fpggg==",
      "dev": true
    },
    "resolve-pathname": {
      "version": "3.0.0",
      "resolved": "https://registry.npmmirror.com/resolve-pathname/-/resolve-pathname-3.0.0.tgz",
      "integrity": "sha512-C7rARubxI8bXFNB/hqcp/4iUeIXJhJZvFPFPiSPRnhU5UPxzMFIl+2E6yY6c4k9giDJAhtV+enfA+G89N6Csng==",
      "dev": true
    },
    "source-map-js": {
      "version": "1.0.2",
      "resolved": "https://registry.npmmirror.com/source-map-js/-/source-map-js-1.0.2.tgz",
      "integrity": "sha512-R0XvVJ9WusLiqTCEiGCmICCMplcCkIwwR11mOSD9CR5u+IXYdiseeEuXCVAjS54zqwkLcPNnmU4OeJ6tUrWhDw==",
      "dev": true
    },
    "split-on-first": {
      "version": "1.1.0",
      "resolved": "https://registry.npmmirror.com/split-on-first/-/split-on-first-1.1.0.tgz",
      "integrity": "sha512-43ZssAJaMusuKWL8sKUBQXHWOpq8d6CfN/u1p4gUzfJkM05C8rxTmYrkIPTXapZpORA6LkkzcUulJ8FqA7Uudw==",
      "dev": true
    },
    "ssr-window": {
      "version": "3.0.0",
      "resolved": "https://registry.npmmirror.com/ssr-window/-/ssr-window-3.0.0.tgz",
      "integrity": "sha512-q+8UfWDg9Itrg0yWK7oe5p/XRCJpJF9OBtXfOPgSJl+u3Xd5KI328RUEvUqSMVM9CiQUEf1QdBzJMkYGErj9QA==",
      "dev": true
    },
    "strict-uri-encode": {
      "version": "2.0.0",
      "resolved": "https://registry.npmmirror.com/strict-uri-encode/-/strict-uri-encode-2.0.0.tgz",
      "integrity": "sha512-QwiXZgpRcKkhTj2Scnn++4PKtWsH0kpzZ62L2R6c/LUVYv7hVnZqcg2+sMuT6R7Jusu1vviK/MFsu6kNJfWlEQ==",
      "dev": true
    },
    "swiper": {
      "version": "6.8.0",
      "resolved": "https://registry.npmmirror.com/swiper/-/swiper-6.8.0.tgz",
      "integrity": "sha512-6H3e7VOihasMp8sPXNhRDkc61UD0XeFlefbWfUHecBLBTtmA+9WxJiKDBMdzgetK1cny+5+mKfVcsmxYgnEDSw==",
      "dev": true,
      "requires": {
        "dom7": "^3.0.0",
        "ssr-window": "^3.0.0"
      }
    },
    "universal-router": {
      "version": "8.3.0",
      "resolved": "https://registry.npmmirror.com/universal-router/-/universal-router-8.3.0.tgz",
      "integrity": "sha512-cBkihRoHvRQAjdUnDE1GGuuw/TPAIi8z2pEsSmUVAWLeZdgjHzzAb1+0VOO6NvBOvySItOTQikzaGlRxRdJBnA==",
      "dev": true,
      "requires": {
        "path-to-regexp": "^3.1.0"
      }
    },
    "weui": {
      "version": "1.1.3",
      "resolved": "https://registry.npmmirror.com/weui/-/weui-1.1.3.tgz",
      "integrity": "sha512-vC6eWUvG1MYoE8yLsvBBmLB2+4DZWynQOL47MUscHMwPVltOZPGsiRb2PE7y3z+w3ElF1SsmJsyhr40wiXgP5A==",
      "dev": true
    }
  }
}
